
Microsoft Visual Studio Solution File, Format Version 12.00
# Visual Studio Version 17
VisualStudioVersion = 17.4.33205.214
MinimumVisualStudioVersion = 10.0.40219.1
Project("{2150E333-8FDC-42A3-9474-1A3956D46DE8}") = "src", "src", "{BD6395AB-2723-4BFF-B7C8-C2BDB9D2DF7B}"
EndProject
Project("{9A19103F-16F7-4668-BE54-9A1E7A4F7556}") = "EasyMicroservices.Logger", "EasyMicroservices.Logger\EasyMicroservices.Logger.csproj", "{C9555F81-A68A-47B9-952E-AEAEB4F2F897}"
EndProject
Project("{9A19103F-16F7-4668-BE54-9A1E7A4F7556}") = "EasyMicroservices.Logger.Tests", "EasyMicroservices.Logger.Tests\EasyMicroservices.Logger.Tests.csproj", "{A2275508-1890-4CDB-A2E9-2E6001D241BC}"
EndProject
Global
	GlobalSection(SolutionConfigurationPlatforms) = preSolution
		Debug|Any CPU = Debug|Any CPU
		Release|Any CPU = Release|Any CPU
	EndGlobalSection
	GlobalSection(ProjectConfigurationPlatforms) = postSolution
		{C9555F81-A68A-47B9-952E-AEAEB4F2F897}.Debug|Any CPU.ActiveCfg = Debug|Any CPU
		{C9555F81-A68A-47B9-952E-AEAEB4F2F897}.Debug|Any CPU.Build.0 = Debug|Any CPU
		{C9555F81-A68A-47B9-952E-AEAEB4F2F897}.Release|Any CPU.ActiveCfg = Release|Any CPU
		{C9555F81-A68A-47B9-952E-AEAEB4F2F897}.Release|Any CPU.Build.0 = Release|Any CPU
		{A2275508-1890-4CDB-A2E9-2E6001D241BC}.Debug|Any CPU.ActiveCfg = Debug|Any CPU
		{A2275508-1890-4CDB-A2E9-2E6001D241BC}.Debug|Any CPU.Build.0 = Debug|Any CPU
		{A2275508-1890-4CDB-A2E9-2E6001D241BC}.Release|Any CPU.ActiveCfg = Release|Any CPU
		{A2275508-1890-4CDB-A2E9-2E6001D241BC}.Release|Any CPU.Build.0 = Release|Any CPU
	EndGlobalSection
	GlobalSection(SolutionProperties) = preSolution
		HideSolutionNode = FALSE
	EndGlobalSection
	GlobalSection(NestedProjects) = preSolution
		{C9555F81-A68A-47B9-952E-AEAEB4F2F897} = {BD6395AB-2723-4BFF-B7C8-C2BDB9D2DF7B}
		{A2275508-1890-4CDB-A2E9-2E6001D241BC} = {BD6395AB-2723-4BFF-B7C8-C2BDB9D2DF7B}
	EndGlobalSection
	GlobalSection(ExtensibilityGlobals) = postSolution
		SolutionGuid = {D85582B4-E6F8-41D7-9BEC-F4C8B64DDF1B}
	EndGlobalSection
EndGlobal
