
Microsoft Visual Studio Solution File, Format Version 12.00
# Visual Studio Version 17
VisualStudioVersion = 17.4.33205.214
MinimumVisualStudioVersion = 10.0.40219.1
Project("{2150E333-8FDC-42A3-9474-1A3956D46DE8}") = "App", "App", "{BD6395AB-2723-4BFF-B7C8-C2BDB9D2DF7B}"
EndProject
Project("{9A19103F-16F7-4668-BE54-9A1E7A4F7556}") = "EasyMicroservices.Logger", "EasyMicroservices.Logger\EasyMicroservices.Logger.csproj", "{C9555F81-A68A-47B9-952E-AEAEB4F2F897}"
EndProject
Project("{9A19103F-16F7-4668-BE54-9A1E7A4F7556}") = "EasyMicroservices.Logger.Tests", "EasyMicroservices.Logger.Tests\EasyMicroservices.Logger.Tests.csproj", "{A2275508-1890-4CDB-A2E9-2E6001D241BC}"
EndProject
Project("{2150E333-8FDC-42A3-9474-1A3956D46DE8}") = "Abstractions", "Abstractions", "{CF452523-110D-4678-A312-59918D75001E}"
EndProject
Project("{2150E333-8FDC-42A3-9474-1A3956D46DE8}") = "Implementations", "Implementations", "{B41249C7-F55F-4890-A2A7-177DEA51114C}"
EndProject
Project("{2150E333-8FDC-42A3-9474-1A3956D46DE8}") = "Tests", "Tests", "{F0D8AE1A-0B1B-4B99-89FB-41BC66943B32}"
EndProject
Project("{9A19103F-16F7-4668-BE54-9A1E7A4F7556}") = "EasyMicroservices.Logger.Serilog", "EasyMicroservices.Logger.Serilog\EasyMicroservices.Logger.Serilog.csproj", "{BCE7F22D-6E74-4F9B-BF18-81E0D537CA49}"
EndProject
Project("{9A19103F-16F7-4668-BE54-9A1E7A4F7556}") = "EasyMicroservices.Logger.Log4net", "EasyMicroservices.Logger. Log4net\EasyMicroservices.Logger.Log4net.csproj", "{F792825F-75B4-4A07-9091-B9D8B4698A6A}"
EndProject
Project("{9A19103F-16F7-4668-BE54-9A1E7A4F7556}") = "EasyMicroservices.Logger.NLog", "EasyMicroservices.Logger.NLog\EasyMicroservices.Logger.NLog.csproj", "{82A0765F-09D8-4EC2-8A26-C5375C151C83}"
EndProject
Project("{FAE04EC0-301F-11D3-BF4B-00C04F79EFBC}") = "EasyMicroservices.Logger.DependencyInjection", "EasyMicroservices.Logger.DependencyInjection\EasyMicroservices.Logger.DependencyInjection.csproj", "{B06FB19E-791E-43E7-BE00-3EC01698A1AE}"
EndProject
Global
	GlobalSection(SolutionConfigurationPlatforms) = preSolution
		Debug|Any CPU = Debug|Any CPU
		Release|Any CPU = Release|Any CPU
	EndGlobalSection
	GlobalSection(ProjectConfigurationPlatforms) = postSolution
		{C9555F81-A68A-47B9-952E-AEAEB4F2F897}.Debug|Any CPU.ActiveCfg = Debug|Any CPU
		{C9555F81-A68A-47B9-952E-AEAEB4F2F897}.Debug|Any CPU.Build.0 = Debug|Any CPU
		{C9555F81-A68A-47B9-952E-AEAEB4F2F897}.Release|Any CPU.ActiveCfg = Release|Any CPU
		{C9555F81-A68A-47B9-952E-AEAEB4F2F897}.Release|Any CPU.Build.0 = Release|Any CPU
		{A2275508-1890-4CDB-A2E9-2E6001D241BC}.Debug|Any CPU.ActiveCfg = Debug|Any CPU
		{A2275508-1890-4CDB-A2E9-2E6001D241BC}.Debug|Any CPU.Build.0 = Debug|Any CPU
		{A2275508-1890-4CDB-A2E9-2E6001D241BC}.Release|Any CPU.ActiveCfg = Release|Any CPU
		{A2275508-1890-4CDB-A2E9-2E6001D241BC}.Release|Any CPU.Build.0 = Release|Any CPU
		{BCE7F22D-6E74-4F9B-BF18-81E0D537CA49}.Debug|Any CPU.ActiveCfg = Debug|Any CPU
		{BCE7F22D-6E74-4F9B-BF18-81E0D537CA49}.Debug|Any CPU.Build.0 = Debug|Any CPU
		{BCE7F22D-6E74-4F9B-BF18-81E0D537CA49}.Release|Any CPU.ActiveCfg = Release|Any CPU
		{BCE7F22D-6E74-4F9B-BF18-81E0D537CA49}.Release|Any CPU.Build.0 = Release|Any CPU
		{F792825F-75B4-4A07-9091-B9D8B4698A6A}.Debug|Any CPU.ActiveCfg = Debug|Any CPU
		{F792825F-75B4-4A07-9091-B9D8B4698A6A}.Debug|Any CPU.Build.0 = Debug|Any CPU
		{F792825F-75B4-4A07-9091-B9D8B4698A6A}.Release|Any CPU.ActiveCfg = Release|Any CPU
		{F792825F-75B4-4A07-9091-B9D8B4698A6A}.Release|Any CPU.Build.0 = Release|Any CPU
		{82A0765F-09D8-4EC2-8A26-C5375C151C83}.Debug|Any CPU.ActiveCfg = Debug|Any CPU
		{82A0765F-09D8-4EC2-8A26-C5375C151C83}.Debug|Any CPU.Build.0 = Debug|Any CPU
		{82A0765F-09D8-4EC2-8A26-C5375C151C83}.Release|Any CPU.ActiveCfg = Release|Any CPU
		{82A0765F-09D8-4EC2-8A26-C5375C151C83}.Release|Any CPU.Build.0 = Release|Any CPU
		{B06FB19E-791E-43E7-BE00-3EC01698A1AE}.Debug|Any CPU.ActiveCfg = Debug|Any CPU
		{B06FB19E-791E-43E7-BE00-3EC01698A1AE}.Debug|Any CPU.Build.0 = Debug|Any CPU
		{B06FB19E-791E-43E7-BE00-3EC01698A1AE}.Release|Any CPU.ActiveCfg = Release|Any CPU
		{B06FB19E-791E-43E7-BE00-3EC01698A1AE}.Release|Any CPU.Build.0 = Release|Any CPU
	EndGlobalSection
	GlobalSection(SolutionProperties) = preSolution
		HideSolutionNode = FALSE
	EndGlobalSection
	GlobalSection(NestedProjects) = preSolution
		{C9555F81-A68A-47B9-952E-AEAEB4F2F897} = {CF452523-110D-4678-A312-59918D75001E}
		{A2275508-1890-4CDB-A2E9-2E6001D241BC} = {F0D8AE1A-0B1B-4B99-89FB-41BC66943B32}
		{CF452523-110D-4678-A312-59918D75001E} = {BD6395AB-2723-4BFF-B7C8-C2BDB9D2DF7B}
		{B41249C7-F55F-4890-A2A7-177DEA51114C} = {BD6395AB-2723-4BFF-B7C8-C2BDB9D2DF7B}
		{F0D8AE1A-0B1B-4B99-89FB-41BC66943B32} = {BD6395AB-2723-4BFF-B7C8-C2BDB9D2DF7B}
		{BCE7F22D-6E74-4F9B-BF18-81E0D537CA49} = {B41249C7-F55F-4890-A2A7-177DEA51114C}
		{F792825F-75B4-4A07-9091-B9D8B4698A6A} = {B41249C7-F55F-4890-A2A7-177DEA51114C}
		{82A0765F-09D8-4EC2-8A26-C5375C151C83} = {B41249C7-F55F-4890-A2A7-177DEA51114C}
		{B06FB19E-791E-43E7-BE00-3EC01698A1AE} = {B41249C7-F55F-4890-A2A7-177DEA51114C}
	EndGlobalSection
	GlobalSection(ExtensibilityGlobals) = postSolution
		SolutionGuid = {D85582B4-E6F8-41D7-9BEC-F4C8B64DDF1B}
	EndGlobalSection
EndGlobal
